// !$*UTF8*$!
{
	archiveVersion = 1;
	classes = {
	};
	objectVersion = 46;
	objects = {

/* Begin PBXBuildFile section */
		117E51362044B6AE0023D110 /* CountDown.swift in Sources */ = {isa = PBXBuildFile; fileRef = 117E51352044B6AE0023D110 /* CountDown.swift */; };
		117E51392044CB9E0023D110 /* Repealer.m4a in Resources */ = {isa = PBXBuildFile; fileRef = 117E51382044CB9E0023D110 /* Repealer.m4a */; };
		117FB1932031178900E29D99 /* AppDelegate.swift in Sources */ = {isa = PBXBuildFile; fileRef = 117FB1922031178900E29D99 /* AppDelegate.swift */; };
		117FB1952031178900E29D99 /* ViewController.swift in Sources */ = {isa = PBXBuildFile; fileRef = 117FB1942031178900E29D99 /* ViewController.swift */; };
		117FB1982031178900E29D99 /* Main.storyboard in Resources */ = {isa = PBXBuildFile; fileRef = 117FB1962031178900E29D99 /* Main.storyboard */; };
		117FB19A2031178900E29D99 /* Assets.xcassets in Resources */ = {isa = PBXBuildFile; fileRef = 117FB1992031178900E29D99 /* Assets.xcassets */; };
		117FB19D2031178900E29D99 /* LaunchScreen.storyboard in Resources */ = {isa = PBXBuildFile; fileRef = 117FB19B2031178900E29D99 /* LaunchScreen.storyboard */; };
		117FB1A82031178900E29D99 /* StopWatchTests.swift in Sources */ = {isa = PBXBuildFile; fileRef = 117FB1A72031178900E29D99 /* StopWatchTests.swift */; };
		117FB1B32031178900E29D99 /* StopWatchUITests.swift in Sources */ = {isa = PBXBuildFile; fileRef = 117FB1B22031178900E29D99 /* StopWatchUITests.swift */; };
/* End PBXBuildFile section */

/* Begin PBXContainerItemProxy section */
		117FB1A42031178900E29D99 /* PBXContainerItemProxy */ = {
			isa = PBXContainerItemProxy;
			containerPortal = 117FB1872031178900E29D99 /* Project object */;
			proxyType = 1;
			remoteGlobalIDString = 117FB18E2031178900E29D99;
			remoteInfo = StopWatch;
		};
		117FB1AF2031178900E29D99 /* PBXContainerItemProxy */ = {
			isa = PBXContainerItemProxy;
			containerPortal = 117FB1872031178900E29D99 /* Project object */;
			proxyType = 1;
			remoteGlobalIDString = 117FB18E2031178900E29D99;
			remoteInfo = StopWatch;
		};
/* End PBXContainerItemProxy section */

/* Begin PBXFileReference section */
		117E51352044B6AE0023D110 /* CountDown.swift */ = {isa = PBXFileReference; fileEncoding = 4; lastKnownFileType = sourcecode.swift; path = CountDown.swift; sourceTree = "<group>"; };
		117E51372044B95A0023D110 /* MyPlayground.playground */ = {isa = PBXFileReference; lastKnownFileType = file.playground; path = MyPlayground.playground; sourceTree = "<group>"; };
		117E51382044CB9E0023D110 /* Repealer.m4a */ = {isa = PBXFileReference; lastKnownFileType = file; path = Repealer.m4a; sourceTree = "<group>"; };
		117FB18F2031178900E29D99 /* StopWatch.app */ = {isa = PBXFileReference; explicitFileType = wrapper.application; includeInIndex = 0; path = StopWatch.app; sourceTree = BUILT_PRODUCTS_DIR; };
		117FB1922031178900E29D99 /* AppDelegate.swift */ = {isa = PBXFileReference; lastKnownFileType = sourcecode.swift; path = AppDelegate.swift; sourceTree = "<group>"; };
		117FB1942031178900E29D99 /* ViewController.swift */ = {isa = PBXFileReference; lastKnownFileType = sourcecode.swift; path = ViewController.swift; sourceTree = "<group>"; };
		117FB1972031178900E29D99 /* Base */ = {isa = PBXFileReference; lastKnownFileType = file.storyboard; name = Base; path = Base.lproj/Main.storyboard; sourceTree = "<group>"; };
		117FB1992031178900E29D99 /* Assets.xcassets */ = {isa = PBXFileReference; lastKnownFileType = folder.assetcatalog; path = Assets.xcassets; sourceTree = "<group>"; };
		117FB19C2031178900E29D99 /* Base */ = {isa = PBXFileReference; lastKnownFileType = file.storyboard; name = Base; path = Base.lproj/LaunchScreen.storyboard; sourceTree = "<group>"; };
		117FB19E2031178900E29D99 /* Info.plist */ = {isa = PBXFileReference; lastKnownFileType = text.plist.xml; path = Info.plist; sourceTree = "<group>"; };
		117FB1A32031178900E29D99 /* StopWatchTests.xctest */ = {isa = PBXFileReference; explicitFileType = wrapper.cfbundle; includeInIndex = 0; path = StopWatchTests.xctest; sourceTree = BUILT_PRODUCTS_DIR; };
		117FB1A72031178900E29D99 /* StopWatchTests.swift */ = {isa = PBXFileReference; lastKnownFileType = sourcecode.swift; path = StopWatchTests.swift; sourceTree = "<group>"; };
		117FB1A92031178900E29D99 /* Info.plist */ = {isa = PBXFileReference; lastKnownFileType = text.plist.xml; path = Info.plist; sourceTree = "<group>"; };
		117FB1AE2031178900E29D99 /* StopWatchUITests.xctest */ = {isa = PBXFileReference; explicitFileType = wrapper.cfbundle; includeInIndex = 0; path = StopWatchUITests.xctest; sourceTree = BUILT_PRODUCTS_DIR; };
		117FB1B22031178900E29D99 /* StopWatchUITests.swift */ = {isa = PBXFileReference; lastKnownFileType = sourcecode.swift; path = StopWatchUITests.swift; sourceTree = "<group>"; };
		117FB1B42031178900E29D99 /* Info.plist */ = {isa = PBXFileReference; lastKnownFileType = text.plist.xml; path = Info.plist; sourceTree = "<group>"; };
/* End PBXFileReference section */

/* Begin PBXFrameworksBuildPhase section */
		117FB18C2031178900E29D99 /* Frameworks */ = {
			isa = PBXFrameworksBuildPhase;
			buildActionMask = 2147483647;
			files = (
			);
			runOnlyForDeploymentPostprocessing = 0;
		};
		117FB1A02031178900E29D99 /* Frameworks */ = {
			isa = PBXFrameworksBuildPhase;
			buildActionMask = 2147483647;
			files = (
			);
			runOnlyForDeploymentPostprocessing = 0;
		};
		117FB1AB2031178900E29D99 /* Frameworks */ = {
			isa = PBXFrameworksBuildPhase;
			buildActionMask = 2147483647;
			files = (
			);
			runOnlyForDeploymentPostprocessing = 0;
		};
/* End PBXFrameworksBuildPhase section */

/* Begin PBXGroup section */
		117FB1862031178900E29D99 = {
			isa = PBXGroup;
			children = (
				117FB1912031178900E29D99 /* StopWatch */,
				117FB1A62031178900E29D99 /* StopWatchTests */,
				117FB1B12031178900E29D99 /* StopWatchUITests */,
				117FB1902031178900E29D99 /* Products */,
			);
			sourceTree = "<group>";
		};
		117FB1902031178900E29D99 /* Products */ = {
			isa = PBXGroup;
			children = (
				117FB18F2031178900E29D99 /* StopWatch.app */,
				117FB1A32031178900E29D99 /* StopWatchTests.xctest */,
				117FB1AE2031178900E29D99 /* StopWatchUITests.xctest */,
			);
			name = Products;
			sourceTree = "<group>";
		};
		117FB1912031178900E29D99 /* StopWatch */ = {
			isa = PBXGroup;
			children = (
				117E51382044CB9E0023D110 /* Repealer.m4a */,
				117FB1922031178900E29D99 /* AppDelegate.swift */,
				117E51352044B6AE0023D110 /* CountDown.swift */,
				117FB1942031178900E29D99 /* ViewController.swift */,
				117FB1962031178900E29D99 /* Main.storyboard */,
				117FB1992031178900E29D99 /* Assets.xcassets */,
				117FB19B2031178900E29D99 /* LaunchScreen.storyboard */,
				117FB19E2031178900E29D99 /* Info.plist */,
				117E51372044B95A0023D110 /* MyPlayground.playground */,
			);
			path = StopWatch;
			sourceTree = "<group>";
		};
		117FB1A62031178900E29D99 /* StopWatchTests */ = {
			isa = PBXGroup;
			children = (
				117FB1A72031178900E29D99 /* StopWatchTests.swift */,
				117FB1A92031178900E29D99 /* Info.plist */,
			);
			path = StopWatchTests;
			sourceTree = "<group>";
		};
		117FB1B12031178900E29D99 /* StopWatchUITests */ = {
			isa = PBXGroup;
			children = (
				117FB1B22031178900E29D99 /* StopWatchUITests.swift */,
				117FB1B42031178900E29D99 /* Info.plist */,
			);
			path = StopWatchUITests;
			sourceTree = "<group>";
		};
/* End PBXGroup section */

/* Begin PBXNativeTarget section */
		117FB18E2031178900E29D99 /* StopWatch */ = {
			isa = PBXNativeTarget;
			buildConfigurationList = 117FB1B72031178900E29D99 /* Build configuration list for PBXNativeTarget "StopWatch" */;
			buildPhases = (
				117FB18B2031178900E29D99 /* Sources */,
				117FB18C2031178900E29D99 /* Frameworks */,
				117FB18D2031178900E29D99 /* Resources */,
			);
			buildRules = (
			);
			dependencies = (
			);
			name = StopWatch;
			productName = StopWatch;
			productReference = 117FB18F2031178900E29D99 /* StopWatch.app */;
			productType = "com.apple.product-type.application";
		};
		117FB1A22031178900E29D99 /* StopWatchTests */ = {
			isa = PBXNativeTarget;
			buildConfigurationList = 117FB1BA2031178900E29D99 /* Build configuration list for PBXNativeTarget "StopWatchTests" */;
			buildPhases = (
				117FB19F2031178900E29D99 /* Sources */,
				117FB1A02031178900E29D99 /* Frameworks */,
				117FB1A12031178900E29D99 /* Resources */,
			);
			buildRules = (
			);
			dependencies = (
				117FB1A52031178900E29D99 /* PBXTargetDependency */,
			);
			name = StopWatchTests;
			productName = StopWatchTests;
			productReference = 117FB1A32031178900E29D99 /* StopWatchTests.xctest */;
			productType = "com.apple.product-type.bundle.unit-test";
		};
		117FB1AD2031178900E29D99 /* StopWatchUITests */ = {
			isa = PBXNativeTarget;
			buildConfigurationList = 117FB1BD2031178900E29D99 /* Build configuration list for PBXNativeTarget "StopWatchUITests" */;
			buildPhases = (
				117FB1AA2031178900E29D99 /* Sources */,
				117FB1AB2031178900E29D99 /* Frameworks */,
				117FB1AC2031178900E29D99 /* Resources */,
			);
			buildRules = (
			);
			dependencies = (
				117FB1B02031178900E29D99 /* PBXTargetDependency */,
			);
			name = StopWatchUITests;
			productName = StopWatchUITests;
			productReference = 117FB1AE2031178900E29D99 /* StopWatchUITests.xctest */;
			productType = "com.apple.product-type.bundle.ui-testing";
		};
/* End PBXNativeTarget section */

/* Begin PBXProject section */
		117FB1872031178900E29D99 /* Project object */ = {
			isa = PBXProject;
			attributes = {
				LastSwiftUpdateCheck = 0830;
				LastUpgradeCheck = 0830;
				ORGANIZATIONNAME = "Aissam Erradouane";
				TargetAttributes = {
					117FB18E2031178900E29D99 = {
						CreatedOnToolsVersion = 8.3.3;
						ProvisioningStyle = Automatic;
					};
					117FB1A22031178900E29D99 = {
						CreatedOnToolsVersion = 8.3.3;
						ProvisioningStyle = Automatic;
						TestTargetID = 117FB18E2031178900E29D99;
					};
					117FB1AD2031178900E29D99 = {
						CreatedOnToolsVersion = 8.3.3;
						ProvisioningStyle = Automatic;
						TestTargetID = 117FB18E2031178900E29D99;
					};
				};
			};
			buildConfigurationList = 117FB18A2031178900E29D99 /* Build configuration list for PBXProject "StopWatch" */;
			compatibilityVersion = "Xcode 3.2";
			developmentRegion = English;
			hasScannedForEncodings = 0;
			knownRegions = (
				en,
				Base,
			);
			mainGroup = 117FB1862031178900E29D99;
			productRefGroup = 117FB1902031178900E29D99 /* Products */;
			projectDirPath = "";
			projectRoot = "";
			targets = (
				117FB18E2031178900E29D99 /* StopWatch */,
				117FB1A22031178900E29D99 /* StopWatchTests */,
				117FB1AD2031178900E29D99 /* StopWatchUITests */,
			);
		};
/* End PBXProject section */

/* Begin PBXResourcesBuildPhase section */
		117FB18D2031178900E29D99 /* Resources */ = {
			isa = PBXResourcesBuildPhase;
			buildActionMask = 2147483647;
			files = (
				117E51392044CB9E0023D110 /* Repealer.m4a in Resources */,
				117FB19D2031178900E29D99 /* LaunchScreen.storyboard in Resources */,
				117FB19A2031178900E29D99 /* Assets.xcassets in Resources */,
				117FB1982031178900E29D99 /* Main.storyboard in Resources */,
			);
			runOnlyForDeploymentPostprocessing = 0;
		};
		117FB1A12031178900E29D99 /* Resources */ = {
			isa = PBXResourcesBuildPhase;
			buildActionMask = 2147483647;
			files = (
			);
			runOnlyForDeploymentPostprocessing = 0;
		};
		117FB1AC2031178900E29D99 /* Resources */ = {
			isa = PBXResourcesBuildPhase;
			buildActionMask = 2147483647;
			files = (
			);
			runOnlyForDeploymentPostprocessing = 0;
		};
/* End PBXResourcesBuildPhase section */

/* Begin PBXSourcesBuildPhase section */
		117FB18B2031178900E29D99 /* Sources */ = {
			isa = PBXSourcesBuildPhase;
			buildActionMask = 2147483647;
			files = (
				117FB1952031178900E29D99 /* ViewController.swift in Sources */,
				117FB1932031178900E29D99 /* AppDelegate.swift in Sources */,
				117E51362044B6AE0023D110 /* CountDown.swift in Sources */,
			);
			runOnlyForDeploymentPostprocessing = 0;
		};
		117FB19F2031178900E29D99 /* Sources */ = {
			isa = PBXSourcesBuildPhase;
			buildActionMask = 2147483647;
			files = (
				117FB1A82031178900E29D99 /* StopWatchTests.swift in Sources */,
			);
			runOnlyForDeploymentPostprocessing = 0;
		};
		117FB1AA2031178900E29D99 /* Sources */ = {
			isa = PBXSourcesBuildPhase;
			buildActionMask = 2147483647;
			files = (
				117FB1B32031178900E29D99 /* StopWatchUITests.swift in Sources */,
			);
			runOnlyForDeploymentPostprocessing = 0;
		};
/* End PBXSourcesBuildPhase section */

/* Begin PBXTargetDependency section */
		117FB1A52031178900E29D99 /* PBXTargetDependency */ = {
			isa = PBXTargetDependency;
			target = 117FB18E2031178900E29D99 /* StopWatch */;
			targetProxy = 117FB1A42031178900E29D99 /* PBXContainerItemProxy */;
		};
		117FB1B02031178900E29D99 /* PBXTargetDependency */ = {
			isa = PBXTargetDependency;
			target = 117FB18E2031178900E29D99 /* StopWatch */;
			targetProxy = 117FB1AF2031178900E29D99 /* PBXContainerItemProxy */;
		};
/* End PBXTargetDependency section */

/* Begin PBXVariantGroup section */
		117FB1962031178900E29D99 /* Main.storyboard */ = {
			isa = PBXVariantGroup;
			children = (
				117FB1972031178900E29D99 /* Base */,
			);
			name = Main.storyboard;
			sourceTree = "<group>";
		};
		117FB19B2031178900E29D99 /* LaunchScreen.storyboard */ = {
			isa = PBXVariantGroup;
			children = (
				117FB19C2031178900E29D99 /* Base */,
			);
			name = LaunchScreen.storyboard;
			sourceTree = "<group>";
		};
/* End PBXVariantGroup section */

/* Begin XCBuildConfiguration section */
		117FB1B52031178900E29D99 /* Debug */ = {
			isa = XCBuildConfiguration;
			buildSettings = {
				ALWAYS_SEARCH_USER_PATHS = NO;
				CLANG_ANALYZER_NONNULL = YES;
				CLANG_ANALYZER_NUMBER_OBJECT_CONVERSION = YES_AGGRESSIVE;
				CLANG_CXX_LANGUAGE_STANDARD = "gnu++0x";
				CLANG_CXX_LIBRARY = "libc++";
				CLANG_ENABLE_MODULES = YES;
				CLANG_ENABLE_OBJC_ARC = YES;
				CLANG_WARN_BOOL_CONVERSION = YES;
				CLANG_WARN_CONSTANT_CONVERSION = YES;
				CLANG_WARN_DIRECT_OBJC_ISA_USAGE = YES_ERROR;
				CLANG_WARN_DOCUMENTATION_COMMENTS = YES;
				CLANG_WARN_EMPTY_BODY = YES;
				CLANG_WARN_ENUM_CONVERSION = YES;
				CLANG_WARN_INFINITE_RECURSION = YES;
				CLANG_WARN_INT_CONVERSION = YES;
				CLANG_WARN_OBJC_ROOT_CLASS = YES_ERROR;
				CLANG_WARN_SUSPICIOUS_MOVE = YES;
				CLANG_WARN_UNREACHABLE_CODE = YES;
				CLANG_WARN__DUPLICATE_METHOD_MATCH = YES;
				"CODE_SIGN_IDENTITY[sdk=iphoneos*]" = "iPhone Developer";
				COPY_PHASE_STRIP = NO;
				DEBUG_INFORMATION_FORMAT = dwarf;
				ENABLE_STRICT_OBJC_MSGSEND = YES;
				ENABLE_TESTABILITY = YES;
				GCC_C_LANGUAGE_STANDARD = gnu99;
				GCC_DYNAMIC_NO_PIC = NO;
				GCC_NO_COMMON_BLOCKS = YES;
				GCC_OPTIMIZATION_LEVEL = 0;
				GCC_PREPROCESSOR_DEFINITIONS = (
					"DEBUG=1",
					"$(inherited)",
				);
				GCC_WARN_64_TO_32_BIT_CONVERSION = YES;
				GCC_WARN_ABOUT_RETURN_TYPE = YES_ERROR;
				GCC_WARN_UNDECLARED_SELECTOR = YES;
				GCC_WARN_UNINITIALIZED_AUTOS = YES_AGGRESSIVE;
				GCC_WARN_UNUSED_FUNCTION = YES;
				GCC_WARN_UNUSED_VARIABLE = YES;
				IPHONEOS_DEPLOYMENT_TARGET = 10.3;
				MTL_ENABLE_DEBUG_INFO = YES;
				ONLY_ACTIVE_ARCH = YES;
				SDKROOT = iphoneos;
				SWIFT_ACTIVE_COMPILATION_CONDITIONS = DEBUG;
				SWIFT_OPTIMIZATION_LEVEL = "-Onone";
			};
			name = Debug;
		};
		117FB1B62031178900E29D99 /* Release */ = {
			isa = XCBuildConfiguration;
			buildSettings = {
				ALWAYS_SEARCH_USER_PATHS = NO;
				CLANG_ANALYZER_NONNULL = YES;
				CLANG_ANALYZER_NUMBER_OBJECT_CONVERSION = YES_AGGRESSIVE;
				CLANG_CXX_LANGUAGE_STANDARD = "gnu++0x";
				CLANG_CXX_LIBRARY = "libc++";
				CLANG_ENABLE_MODULES = YES;
				CLANG_ENABLE_OBJC_ARC = YES;
				CLANG_WARN_BOOL_CONVERSION = YES;
				CLANG_WARN_CONSTANT_CONVERSION = YES;
				CLANG_WARN_DIRECT_OBJC_ISA_USAGE = YES_ERROR;
				CLANG_WARN_DOCUMENTATION_COMMENTS = YES;
				CLANG_WARN_EMPTY_BODY = YES;
				CLANG_WARN_ENUM_CONVERSION = YES;
				CLANG_WARN_INFINITE_RECURSION = YES;
				CLANG_WARN_INT_CONVERSION = YES;
				CLANG_WARN_OBJC_ROOT_CLASS = YES_ERROR;
				CLANG_WARN_SUSPICIOUS_MOVE = YES;
				CLANG_WARN_UNREACHABLE_CODE = YES;
				CLANG_WARN__DUPLICATE_METHOD_MATCH = YES;
				"CODE_SIGN_IDENTITY[sdk=iphoneos*]" = "iPhone Developer";
				COPY_PHASE_STRIP = NO;
				DEBUG_INFORMATION_FORMAT = "dwarf-with-dsym";
				ENABLE_NS_ASSERTIONS = NO;
				ENABLE_STRICT_OBJC_MSGSEND = YES;
				GCC_C_LANGUAGE_STANDARD = gnu99;
				GCC_NO_COMMON_BLOCKS = YES;
				GCC_WARN_64_TO_32_BIT_CONVERSION = YES;
				GCC_WARN_ABOUT_RETURN_TYPE = YES_ERROR;
				GCC_WARN_UNDECLARED_SELECTOR = YES;
				GCC_WARN_UNINITIALIZED_AUTOS = YES_AGGRESSIVE;
				GCC_WARN_UNUSED_FUNCTION = YES;
				GCC_WARN_UNUSED_VARIABLE = YES;
				IPHONEOS_DEPLOYMENT_TARGET = 10.3;
				MTL_ENABLE_DEBUG_INFO = NO;
				SDKROOT = iphoneos;
				SWIFT_OPTIMIZATION_LEVEL = "-Owholemodule";
				VALIDATE_PRODUCT = YES;
			};
			name = Release;
		};
		117FB1B82031178900E29D99 /* Debug */ = {
			isa = XCBuildConfiguration;
			buildSettings = {
				ASSETCATALOG_COMPILER_APPICON_NAME = AppIcon;
				DEVELOPMENT_TEAM = "";
				INFOPLIST_FILE = StopWatch/Info.plist;
				LD_RUNPATH_SEARCH_PATHS = "$(inherited) @executable_path/Frameworks";
				PRODUCT_BUNDLE_IDENTIFIER = com.errais.StopWatch;
				PRODUCT_NAME = "$(TARGET_NAME)";
				SWIFT_VERSION = 3.0;
			};
			name = Debug;
		};
		117FB1B92031178900E29D99 /* Release */ = {
			isa = XCBuildConfiguration;
			buildSettings = {
				ASSETCATALOG_COMPILER_APPICON_NAME = AppIcon;
				DEVELOPMENT_TEAM = "";
				INFOPLIST_FILE = StopWatch/Info.plist;
				LD_RUNPATH_SEARCH_PATHS = "$(inherited) @executable_path/Frameworks";
				PRODUCT_BUNDLE_IDENTIFIER = com.errais.StopWatch;
				PRODUCT_NAME = "$(TARGET_NAME)";
				SWIFT_VERSION = 3.0;
			};
			name = Release;
		};
		117FB1BB2031178900E29D99 /* Debug */ = {
			isa = XCBuildConfiguration;
			buildSettings = {
				ALWAYS_EMBED_SWIFT_STANDARD_LIBRARIES = YES;
				BUNDLE_LOADER = "$(TEST_HOST)";
				INFOPLIST_FILE = StopWatchTests/Info.plist;
				LD_RUNPATH_SEARCH_PATHS = "$(inherited) @executable_path/Frameworks @loader_path/Frameworks";
				PRODUCT_BUNDLE_IDENTIFIER = com.errais.StopWatchTests;
				PRODUCT_NAME = "$(TARGET_NAME)";
				SWIFT_VERSION = 3.0;
				TEST_HOST = "$(BUILT_PRODUCTS_DIR)/StopWatch.app/StopWatch";
			};
			name = Debug;
		};
		117FB1BC2031178900E29D99 /* Release */ = {
			isa = XCBuildConfiguration;
			buildSettings = {
				ALWAYS_EMBED_SWIFT_STANDARD_LIBRARIES = YES;
				BUNDLE_LOADER = "$(TEST_HOST)";
				INFOPLIST_FILE = StopWatchTests/Info.plist;
				LD_RUNPATH_SEARCH_PATHS = "$(inherited) @executable_path/Frameworks @loader_path/Frameworks";
				PRODUCT_BUNDLE_IDENTIFIER = com.errais.StopWatchTests;
				PRODUCT_NAME = "$(TARGET_NAME)";
				SWIFT_VERSION = 3.0;
				TEST_HOST = "$(BUILT_PRODUCTS_DIR)/StopWatch.app/StopWatch";
			};
			name = Release;
		};
		117FB1BE2031178900E29D99 /* Debug */ = {
			isa = XCBuildConfiguration;
			buildSettings = {
				ALWAYS_EMBED_SWIFT_STANDARD_LIBRARIES = YES;
				INFOPLIST_FILE = StopWatchUITests/Info.plist;
				LD_RUNPATH_SEARCH_PATHS = "$(inherited) @executable_path/Frameworks @loader_path/Frameworks";
				PRODUCT_BUNDLE_IDENTIFIER = com.errais.StopWatchUITests;
				PRODUCT_NAME = "$(TARGET_NAME)";
				SWIFT_VERSION = 3.0;
				TEST_TARGET_NAME = StopWatch;
			};
			name = Debug;
		};
		117FB1BF2031178900E29D99 /* Release */ = {
			isa = XCBuildConfiguration;
			buildSettings = {
				ALWAYS_EMBED_SWIFT_STANDARD_LIBRARIES = YES;
				INFOPLIST_FILE = StopWatchUITests/Info.plist;
				LD_RUNPATH_SEARCH_PATHS = "$(inherited) @executable_path/Frameworks @loader_path/Frameworks";
				PRODUCT_BUNDLE_IDENTIFIER = com.errais.StopWatchUITests;
				PRODUCT_NAME = "$(TARGET_NAME)";
				SWIFT_VERSION = 3.0;
				TEST_TARGET_NAME = StopWatch;
			};
			name = Release;
		};
/* End XCBuildConfiguration section */

/* Begin XCConfigurationList section */
		117FB18A2031178900E29D99 /* Build configuration list for PBXProject "StopWatch" */ = {
			isa = XCConfigurationList;
			buildConfigurations = (
				117FB1B52031178900E29D99 /* Debug */,
				117FB1B62031178900E29D99 /* Release */,
			);
			defaultConfigurationIsVisible = 0;
			defaultConfigurationName = Release;
		};
		117FB1B72031178900E29D99 /* Build configuration list for PBXNativeTarget "StopWatch" */ = {
			isa = XCConfigurationList;
			buildConfigurations = (
				117FB1B82031178900E29D99 /* Debug */,
				117FB1B92031178900E29D99 /* Release */,
			);
			defaultConfigurationIsVisible = 0;
			defaultConfigurationName = Release;
		};
		117FB1BA2031178900E29D99 /* Build configuration list for PBXNativeTarget "StopWatchTests" */ = {
			isa = XCConfigurationList;
			buildConfigurations = (
				117FB1BB2031178900E29D99 /* Debug */,
				117FB1BC2031178900E29D99 /* Release */,
			);
			defaultConfigurationIsVisible = 0;
			defaultConfigurationName = Release;
		};
		117FB1BD2031178900E29D99 /* Build configuration list for PBXNativeTarget "StopWatchUITests" */ = {
			isa = XCConfigurationList;
			buildConfigurations = (
				117FB1BE2031178900E29D99 /* Debug */,
				117FB1BF2031178900E29D99 /* Release */,
			);
			defaultConfigurationIsVisible = 0;
			defaultConfigurationName = Release;
		};
/* End XCConfigurationList section */
	};
	rootObject = 117FB1872031178900E29D99 /* Project object */;
}
